
Microsoft Visual Studio Solution File, Format Version 12.00
# Visual Studio Version 16
VisualStudioVersion = 16.0.32602.291
MinimumVisualStudioVersion = 10.0.40219.1
Project("{FAE04EC0-301F-11D3-BF4B-00C04F79EFBC}") = "Indexer_Reflection", "Indexer_Reflection\Indexer_Reflection.csproj", "{810D49D9-2B77-4F24-A311-D4BBBDC8623E}"
EndProject
Global
	GlobalSection(SolutionConfigurationPlatforms) = preSolution
		Debug|Any CPU = Debug|Any CPU
		Release|Any CPU = Release|Any CPU
	EndGlobalSection
	GlobalSection(ProjectConfigurationPlatforms) = postSolution
		{810D49D9-2B77-4F24-A311-D4BBBDC8623E}.Debug|Any CPU.ActiveCfg = Debug|Any CPU
		{810D49D9-2B77-4F24-A311-D4BBBDC8623E}.Debug|Any CPU.Build.0 = Debug|Any CPU
		{810D49D9-2B77-4F24-A311-D4BBBDC8623E}.Release|Any CPU.ActiveCfg = Release|Any CPU
		{810D49D9-2B77-4F24-A311-D4BBBDC8623E}.Release|Any CPU.Build.0 = Release|Any CPU
	EndGlobalSection
	GlobalSection(SolutionProperties) = preSolution
		HideSolutionNode = FALSE
	EndGlobalSection
	GlobalSection(ExtensibilityGlobals) = postSolution
		SolutionGuid = {4BA94333-2FEA-4F5B-91C6-5F3B5F0564C0}
	EndGlobalSection
EndGlobal
